<Project xmlns="http://schemas.microsoft.com/developer/msbuild/2003">
	<PropertyGroup>
		<ProjectGuid>{D1A70001-3000-4000-8000-000000000002}</ProjectGuid>
		<ProjectVersion>20.3</ProjectVersion>
		<FrameworkType>None</FrameworkType>
		<Base>True</Base>
		<Config Condition="'$(Config)'==''">Debug</Config>
		<Platform Condition="'$(Platform)'==''">Win64</Platform>
		<ProjectName Condition="'$(ProjectName)'==''">ScanRsmMethods</ProjectName>
		<TargetedPlatforms>2</TargetedPlatforms>
		<AppType>Console</AppType>
		<MainSource>ScanRsmMethods.dpr</MainSource>
	</PropertyGroup>
	<PropertyGroup Condition="'$(Config)'=='Base' or '$(Base)'!=''">
		<Base>true</Base>
	</PropertyGroup>
	<PropertyGroup Condition="('$(Platform)'=='Win64' and '$(Base)'=='true') or '$(Base_Win64)'!=''">
		<Base_Win64>true</Base_Win64>
		<CfgParent>Base</CfgParent>
		<Base>true</Base>
	</PropertyGroup>
	<PropertyGroup Condition="'$(Config)'=='Debug' or '$(Cfg_1)'!=''">
		<Cfg_1>true</Cfg_1>
		<CfgParent>Base</CfgParent>
		<Base>true</Base>
	</PropertyGroup>
	<PropertyGroup Condition="'$(Base)'!=''">
		<DCC_DcuOutput>.\Win64\$(Config)</DCC_DcuOutput>
		<DCC_ExeOutput>.\Win64\$(Config)</DCC_ExeOutput>
		<DCC_Namespace>System;Winapi;System.Win;$(DCC_Namespace)</DCC_Namespace>
		<SanitizedProjectName>ScanRsmMethods</SanitizedProjectName>
		<DCC_UnitSearchPath>.\Win64\$(Config);$(DCC_UnitSearchPath)</DCC_UnitSearchPath>
	</PropertyGroup>
	<PropertyGroup Condition="'$(Base_Win64)'!=''">
		<DCC_ConsoleTarget>true</DCC_ConsoleTarget>
	</PropertyGroup>
	<PropertyGroup Condition="'$(Cfg_1)'!=''">
		<DCC_Optimize>false</DCC_Optimize>
		<DCC_DebugInfoInExe>true</DCC_DebugInfoInExe>
	</PropertyGroup>
	<ItemGroup>
		<DelphiCompile Include="$(MainSource)">
			<MainSource>MainSource</MainSource>
		</DelphiCompile>
		<BuildConfiguration Include="Base">
			<Key>Base</Key>
		</BuildConfiguration>
		<BuildConfiguration Include="Debug">
			<Key>Cfg_1</Key>
			<CfgParent>Base</CfgParent>
		</BuildConfiguration>
	</ItemGroup>
	<ProjectExtensions>
		<Borland.Personality>Delphi.Personality.12</Borland.Personality>
		<Borland.ProjectType>Application</Borland.ProjectType>
		<BorlandProject>
			<Delphi.Personality>
				<Source>
					<Source Name="MainSource">ScanRsmMethods.dpr</Source>
				</Source>
			</Delphi.Personality>
			<Platforms>
				<Platform value="Win64">True</Platform>
			</Platforms>
		</BorlandProject>
		<ProjectFileVersion>12</ProjectFileVersion>
	</ProjectExtensions>
	<Import Project="$(BDS)\Bin\CodeGear.Delphi.Targets" Condition="Exists('$(BDS)\Bin\CodeGear.Delphi.Targets')"/>
</Project>
